
Microsoft Visual Studio Solution File, Format Version 11.00
# Visual Studio 2010
Project("{FAE04EC0-301F-11D3-BF4B-00C04F79EFBC}") = "Flood", "Assembly-CSharp.csproj", "{B680821A-E46A-8426-7848-BC15BEA6D6BA}"
EndProject
Project("{FAE04EC0-301F-11D3-BF4B-00C04F79EFBC}") = "Flood", "Assembly-CSharp-firstpass.csproj", "{6271F4D2-FF66-4DC7-77B8-B959830B94E6}"
EndProject
Project("{FAE04EC0-301F-11D3-BF4B-00C04F79EFBC}") = "Flood", "Assembly-CSharp-Editor-firstpass.csproj", "{804618A4-B8DF-456E-A2C5-6DFD192E42F3}"
EndProject
Project("{FAE04EC0-301F-11D3-BF4B-00C04F79EFBC}") = "Flood", "Assembly-CSharp-Editor.csproj", "{5DE7A200-3442-602D-7987-586168DB398D}"
EndProject
Global
	GlobalSection(SolutionConfigurationPlatforms) = preSolution
		Debug|Any CPU = Debug|Any CPU
		Release|Any CPU = Release|Any CPU
	EndGlobalSection
	GlobalSection(ProjectConfigurationPlatforms) = postSolution
		{B680821A-E46A-8426-7848-BC15BEA6D6BA}.Debug|Any CPU.ActiveCfg = Debug|Any CPU
		{B680821A-E46A-8426-7848-BC15BEA6D6BA}.Debug|Any CPU.Build.0 = Debug|Any CPU
		{B680821A-E46A-8426-7848-BC15BEA6D6BA}.Release|Any CPU.ActiveCfg = Release|Any CPU
		{B680821A-E46A-8426-7848-BC15BEA6D6BA}.Release|Any CPU.Build.0 = Release|Any CPU
		{6271F4D2-FF66-4DC7-77B8-B959830B94E6}.Debug|Any CPU.ActiveCfg = Debug|Any CPU
		{6271F4D2-FF66-4DC7-77B8-B959830B94E6}.Debug|Any CPU.Build.0 = Debug|Any CPU
		{6271F4D2-FF66-4DC7-77B8-B959830B94E6}.Release|Any CPU.ActiveCfg = Release|Any CPU
		{6271F4D2-FF66-4DC7-77B8-B959830B94E6}.Release|Any CPU.Build.0 = Release|Any CPU
		{804618A4-B8DF-456E-A2C5-6DFD192E42F3}.Debug|Any CPU.ActiveCfg = Debug|Any CPU
		{804618A4-B8DF-456E-A2C5-6DFD192E42F3}.Debug|Any CPU.Build.0 = Debug|Any CPU
		{804618A4-B8DF-456E-A2C5-6DFD192E42F3}.Release|Any CPU.ActiveCfg = Release|Any CPU
		{804618A4-B8DF-456E-A2C5-6DFD192E42F3}.Release|Any CPU.Build.0 = Release|Any CPU
		{5DE7A200-3442-602D-7987-586168DB398D}.Debug|Any CPU.ActiveCfg = Debug|Any CPU
		{5DE7A200-3442-602D-7987-586168DB398D}.Debug|Any CPU.Build.0 = Debug|Any CPU
		{5DE7A200-3442-602D-7987-586168DB398D}.Release|Any CPU.ActiveCfg = Release|Any CPU
		{5DE7A200-3442-602D-7987-586168DB398D}.Release|Any CPU.Build.0 = Release|Any CPU
	EndGlobalSection
	GlobalSection(SolutionProperties) = preSolution
		HideSolutionNode = FALSE
	EndGlobalSection
	GlobalSection(MonoDevelopProperties) = preSolution
		StartupItem = Assembly-CSharp.csproj
	EndGlobalSection
EndGlobal
